// !$*UTF8*$!
{
	archiveVersion = 1;
	classes = {
	};
	objectVersion = 48;
	objects = {

/* Begin PBXBuildFile section */
		0424B6A01FABFF2E00421869 /* AppDelegate.swift in Sources */ = {isa = PBXBuildFile; fileRef = 0424B69F1FABFF2E00421869 /* AppDelegate.swift */; };
		0424B6A21FABFF2E00421869 /* ViewController.swift in Sources */ = {isa = PBXBuildFile; fileRef = 0424B6A11FABFF2E00421869 /* ViewController.swift */; };
		0424B6A51FABFF2E00421869 /* Main.storyboard in Resources */ = {isa = PBXBuildFile; fileRef = 0424B6A31FABFF2E00421869 /* Main.storyboard */; };
		0424B6A71FABFF2E00421869 /* Assets.xcassets in Resources */ = {isa = PBXBuildFile; fileRef = 0424B6A61FABFF2E00421869 /* Assets.xcassets */; };
		0424B6AA1FABFF2E00421869 /* LaunchScreen.storyboard in Resources */ = {isa = PBXBuildFile; fileRef = 0424B6A81FABFF2E00421869 /* LaunchScreen.storyboard */; };
		0424B6EE1FAC008F00421869 /* Stevia+Style.swift in Sources */ = {isa = PBXBuildFile; fileRef = 0424B6DA1FAC008F00421869 /* Stevia+Style.swift */; };
		0424B6EF1FAC008F00421869 /* Stevia+DoubleDash.swift in Sources */ = {isa = PBXBuildFile; fileRef = 0424B6DB1FAC008F00421869 /* Stevia+DoubleDash.swift */; };
		0424B6F01FAC008F00421869 /* Stevia+GetConstraint.swift in Sources */ = {isa = PBXBuildFile; fileRef = 0424B6DC1FAC008F00421869 /* Stevia+GetConstraint.swift */; };
		0424B6F11FAC008F00421869 /* Stevia+Operators.swift in Sources */ = {isa = PBXBuildFile; fileRef = 0424B6DD1FAC008F00421869 /* Stevia+Operators.swift */; };
		0424B6F21FAC008F00421869 /* Stevia+Center.swift in Sources */ = {isa = PBXBuildFile; fileRef = 0424B6DE1FAC008F00421869 /* Stevia+Center.swift */; };
		0424B6F31FAC008F00421869 /* Stevia+Fill.swift in Sources */ = {isa = PBXBuildFile; fileRef = 0424B6DF1FAC008F00421869 /* Stevia+Fill.swift */; };
		0424B6F41FAC008F00421869 /* Stevia+Position.swift in Sources */ = {isa = PBXBuildFile; fileRef = 0424B6E01FAC008F00421869 /* Stevia+Position.swift */; };
		0424B6F51FAC008F00421869 /* Stevia+Tap.swift in Sources */ = {isa = PBXBuildFile; fileRef = 0424B6E11FAC008F00421869 /* Stevia+Tap.swift */; };
		0424B6F61FAC008F00421869 /* Stevia+Notifications.swift in Sources */ = {isa = PBXBuildFile; fileRef = 0424B6E21FAC008F00421869 /* Stevia+Notifications.swift */; };
		0424B6F71FAC008F00421869 /* Stevia+FlexibleMargin.swift in Sources */ = {isa = PBXBuildFile; fileRef = 0424B6E31FAC008F00421869 /* Stevia+FlexibleMargin.swift */; };
		0424B6F81FAC008F00421869 /* Stevia+Hierarchy.swift in Sources */ = {isa = PBXBuildFile; fileRef = 0424B6E41FAC008F00421869 /* Stevia+Hierarchy.swift */; };
		0424B6F91FAC008F00421869 /* Stevia+Constraints.swift in Sources */ = {isa = PBXBuildFile; fileRef = 0424B6E51FAC008F00421869 /* Stevia+Constraints.swift */; };
		0424B6FA1FAC008F00421869 /* Stevia+Size.swift in Sources */ = {isa = PBXBuildFile; fileRef = 0424B6E71FAC008F00421869 /* Stevia+Size.swift */; };
		0424B6FB1FAC008F00421869 /* Stevia+Stacks.swift in Sources */ = {isa = PBXBuildFile; fileRef = 0424B6E81FAC008F00421869 /* Stevia+Stacks.swift */; };
		0424B6FC1FAC008F00421869 /* Stevia+Percentage.swift in Sources */ = {isa = PBXBuildFile; fileRef = 0424B6E91FAC008F00421869 /* Stevia+Percentage.swift */; };
		0424B6FD1FAC008F00421869 /* Stevia+Equation.swift in Sources */ = {isa = PBXBuildFile; fileRef = 0424B6EA1FAC008F00421869 /* Stevia+Equation.swift */; };
		0424B6FE1FAC008F00421869 /* Stevia+Alignment.swift in Sources */ = {isa = PBXBuildFile; fileRef = 0424B6EB1FAC008F00421869 /* Stevia+Alignment.swift */; };
		0424B7001FAC008F00421869 /* Stevia+Content.swift in Sources */ = {isa = PBXBuildFile; fileRef = 0424B6ED1FAC008F00421869 /* Stevia+Content.swift */; };
/* End PBXBuildFile section */

/* Begin PBXFileReference section */
		0424B69C1FABFF2E00421869 /* steviaCodeAnalysis.app */ = {isa = PBXFileReference; explicitFileType = wrapper.application; includeInIndex = 0; path = steviaCodeAnalysis.app; sourceTree = BUILT_PRODUCTS_DIR; };
		0424B69F1FABFF2E00421869 /* AppDelegate.swift */ = {isa = PBXFileReference; lastKnownFileType = sourcecode.swift; path = AppDelegate.swift; sourceTree = "<group>"; };
		0424B6A11FABFF2E00421869 /* ViewController.swift */ = {isa = PBXFileReference; lastKnownFileType = sourcecode.swift; path = ViewController.swift; sourceTree = "<group>"; };
		0424B6A41FABFF2E00421869 /* Base */ = {isa = PBXFileReference; lastKnownFileType = file.storyboard; name = Base; path = Base.lproj/Main.storyboard; sourceTree = "<group>"; };
		0424B6A61FABFF2E00421869 /* Assets.xcassets */ = {isa = PBXFileReference; lastKnownFileType = folder.assetcatalog; path = Assets.xcassets; sourceTree = "<group>"; };
		0424B6A91FABFF2E00421869 /* Base */ = {isa = PBXFileReference; lastKnownFileType = file.storyboard; name = Base; path = Base.lproj/LaunchScreen.storyboard; sourceTree = "<group>"; };
		0424B6AB1FABFF2E00421869 /* Info.plist */ = {isa = PBXFileReference; lastKnownFileType = text.plist.xml; path = Info.plist; sourceTree = "<group>"; };
		0424B6DA1FAC008F00421869 /* Stevia+Style.swift */ = {isa = PBXFileReference; fileEncoding = 4; lastKnownFileType = sourcecode.swift; path = "Stevia+Style.swift"; sourceTree = "<group>"; };
		0424B6DB1FAC008F00421869 /* Stevia+DoubleDash.swift */ = {isa = PBXFileReference; fileEncoding = 4; lastKnownFileType = sourcecode.swift; path = "Stevia+DoubleDash.swift"; sourceTree = "<group>"; };
		0424B6DC1FAC008F00421869 /* Stevia+GetConstraint.swift */ = {isa = PBXFileReference; fileEncoding = 4; lastKnownFileType = sourcecode.swift; path = "Stevia+GetConstraint.swift"; sourceTree = "<group>"; };
		0424B6DD1FAC008F00421869 /* Stevia+Operators.swift */ = {isa = PBXFileReference; fileEncoding = 4; lastKnownFileType = sourcecode.swift; path = "Stevia+Operators.swift"; sourceTree = "<group>"; };
		0424B6DE1FAC008F00421869 /* Stevia+Center.swift */ = {isa = PBXFileReference; fileEncoding = 4; lastKnownFileType = sourcecode.swift; path = "Stevia+Center.swift"; sourceTree = "<group>"; };
		0424B6DF1FAC008F00421869 /* Stevia+Fill.swift */ = {isa = PBXFileReference; fileEncoding = 4; lastKnownFileType = sourcecode.swift; path = "Stevia+Fill.swift"; sourceTree = "<group>"; };
		0424B6E01FAC008F00421869 /* Stevia+Position.swift */ = {isa = PBXFileReference; fileEncoding = 4; lastKnownFileType = sourcecode.swift; path = "Stevia+Position.swift"; sourceTree = "<group>"; };
		0424B6E11FAC008F00421869 /* Stevia+Tap.swift */ = {isa = PBXFileReference; fileEncoding = 4; lastKnownFileType = sourcecode.swift; path = "Stevia+Tap.swift"; sourceTree = "<group>"; };
		0424B6E21FAC008F00421869 /* Stevia+Notifications.swift */ = {isa = PBXFileReference; fileEncoding = 4; lastKnownFileType = sourcecode.swift; path = "Stevia+Notifications.swift"; sourceTree = "<group>"; };
		0424B6E31FAC008F00421869 /* Stevia+FlexibleMargin.swift */ = {isa = PBXFileReference; fileEncoding = 4; lastKnownFileType = sourcecode.swift; path = "Stevia+FlexibleMargin.swift"; sourceTree = "<group>"; };
		0424B6E41FAC008F00421869 /* Stevia+Hierarchy.swift */ = {isa = PBXFileReference; fileEncoding = 4; lastKnownFileType = sourcecode.swift; path = "Stevia+Hierarchy.swift"; sourceTree = "<group>"; };
		0424B6E51FAC008F00421869 /* Stevia+Constraints.swift */ = {isa = PBXFileReference; fileEncoding = 4; lastKnownFileType = sourcecode.swift; path = "Stevia+Constraints.swift"; sourceTree = "<group>"; };
		0424B6E71FAC008F00421869 /* Stevia+Size.swift */ = {isa = PBXFileReference; fileEncoding = 4; lastKnownFileType = sourcecode.swift; path = "Stevia+Size.swift"; sourceTree = "<group>"; };
		0424B6E81FAC008F00421869 /* Stevia+Stacks.swift */ = {isa = PBXFileReference; fileEncoding = 4; lastKnownFileType = sourcecode.swift; path = "Stevia+Stacks.swift"; sourceTree = "<group>"; };
		0424B6E91FAC008F00421869 /* Stevia+Percentage.swift */ = {isa = PBXFileReference; fileEncoding = 4; lastKnownFileType = sourcecode.swift; path = "Stevia+Percentage.swift"; sourceTree = "<group>"; };
		0424B6EA1FAC008F00421869 /* Stevia+Equation.swift */ = {isa = PBXFileReference; fileEncoding = 4; lastKnownFileType = sourcecode.swift; path = "Stevia+Equation.swift"; sourceTree = "<group>"; };
		0424B6EB1FAC008F00421869 /* Stevia+Alignment.swift */ = {isa = PBXFileReference; fileEncoding = 4; lastKnownFileType = sourcecode.swift; path = "Stevia+Alignment.swift"; sourceTree = "<group>"; };
		0424B6ED1FAC008F00421869 /* Stevia+Content.swift */ = {isa = PBXFileReference; fileEncoding = 4; lastKnownFileType = sourcecode.swift; path = "Stevia+Content.swift"; sourceTree = "<group>"; };
/* End PBXFileReference section */

/* Begin PBXFrameworksBuildPhase section */
		0424B6991FABFF2E00421869 /* Frameworks */ = {
			isa = PBXFrameworksBuildPhase;
			buildActionMask = 2147483647;
			files = (
			);
			runOnlyForDeploymentPostprocessing = 0;
		};
/* End PBXFrameworksBuildPhase section */

/* Begin PBXGroup section */
		0424B6931FABFF2E00421869 = {
			isa = PBXGroup;
			children = (
				0424B69E1FABFF2E00421869 /* steviaCodeAnalysis */,
				0424B69D1FABFF2E00421869 /* Products */,
			);
			sourceTree = "<group>";
		};
		0424B69D1FABFF2E00421869 /* Products */ = {
			isa = PBXGroup;
			children = (
				0424B69C1FABFF2E00421869 /* steviaCodeAnalysis.app */,
			);
			name = Products;
			sourceTree = "<group>";
		};
		0424B69E1FABFF2E00421869 /* steviaCodeAnalysis */ = {
			isa = PBXGroup;
			children = (
				0424B6D91FAC008F00421869 /* Source */,
				0424B69F1FABFF2E00421869 /* AppDelegate.swift */,
				0424B6A11FABFF2E00421869 /* ViewController.swift */,
				0424B6A31FABFF2E00421869 /* Main.storyboard */,
				0424B6A61FABFF2E00421869 /* Assets.xcassets */,
				0424B6A81FABFF2E00421869 /* LaunchScreen.storyboard */,
				0424B6AB1FABFF2E00421869 /* Info.plist */,
			);
			path = steviaCodeAnalysis;
			sourceTree = "<group>";
		};
		0424B6D91FAC008F00421869 /* Source */ = {
			isa = PBXGroup;
			children = (
				0424B6DA1FAC008F00421869 /* Stevia+Style.swift */,
				0424B6DB1FAC008F00421869 /* Stevia+DoubleDash.swift */,
				0424B6DC1FAC008F00421869 /* Stevia+GetConstraint.swift */,
				0424B6DD1FAC008F00421869 /* Stevia+Operators.swift */,
				0424B6DE1FAC008F00421869 /* Stevia+Center.swift */,
				0424B6DF1FAC008F00421869 /* Stevia+Fill.swift */,
				0424B6E01FAC008F00421869 /* Stevia+Position.swift */,
				0424B6E11FAC008F00421869 /* Stevia+Tap.swift */,
				0424B6E21FAC008F00421869 /* Stevia+Notifications.swift */,
				0424B6E31FAC008F00421869 /* Stevia+FlexibleMargin.swift */,
				0424B6E41FAC008F00421869 /* Stevia+Hierarchy.swift */,
				0424B6E51FAC008F00421869 /* Stevia+Constraints.swift */,
				0424B6E71FAC008F00421869 /* Stevia+Size.swift */,
				0424B6E81FAC008F00421869 /* Stevia+Stacks.swift */,
				0424B6E91FAC008F00421869 /* Stevia+Percentage.swift */,
				0424B6EA1FAC008F00421869 /* Stevia+Equation.swift */,
				0424B6EB1FAC008F00421869 /* Stevia+Alignment.swift */,
				0424B6ED1FAC008F00421869 /* Stevia+Content.swift */,
			);
			name = Source;
			path = "../../../../../Downloads/Stevia-master/Source";
			sourceTree = "<group>";
		};
/* End PBXGroup section */

/* Begin PBXNativeTarget section */
		0424B69B1FABFF2E00421869 /* steviaCodeAnalysis */ = {
			isa = PBXNativeTarget;
			buildConfigurationList = 0424B6AE1FABFF2E00421869 /* Build configuration list for PBXNativeTarget "steviaCodeAnalysis" */;
			buildPhases = (
				0424B6981FABFF2E00421869 /* Sources */,
				0424B6991FABFF2E00421869 /* Frameworks */,
				0424B69A1FABFF2E00421869 /* Resources */,
			);
			buildRules = (
			);
			dependencies = (
			);
			name = steviaCodeAnalysis;
			productName = steviaCodeAnalysis;
			productReference = 0424B69C1FABFF2E00421869 /* steviaCodeAnalysis.app */;
			productType = "com.apple.product-type.application";
		};
/* End PBXNativeTarget section */

/* Begin PBXProject section */
		0424B6941FABFF2E00421869 /* Project object */ = {
			isa = PBXProject;
			attributes = {
				LastSwiftUpdateCheck = 0910;
				LastUpgradeCheck = 0910;
				ORGANIZATIONNAME = XMCK;
				TargetAttributes = {
					0424B69B1FABFF2E00421869 = {
						CreatedOnToolsVersion = 9.1;
						ProvisioningStyle = Automatic;
					};
				};
			};
			buildConfigurationList = 0424B6971FABFF2E00421869 /* Build configuration list for PBXProject "steviaCodeAnalysis" */;
			compatibilityVersion = "Xcode 8.0";
			developmentRegion = en;
			hasScannedForEncodings = 0;
			knownRegions = (
				en,
				Base,
			);
			mainGroup = 0424B6931FABFF2E00421869;
			productRefGroup = 0424B69D1FABFF2E00421869 /* Products */;
			projectDirPath = "";
			projectRoot = "";
			targets = (
				0424B69B1FABFF2E00421869 /* steviaCodeAnalysis */,
			);
		};
/* End PBXProject section */

/* Begin PBXResourcesBuildPhase section */
		0424B69A1FABFF2E00421869 /* Resources */ = {
			isa = PBXResourcesBuildPhase;
			buildActionMask = 2147483647;
			files = (
				0424B6AA1FABFF2E00421869 /* LaunchScreen.storyboard in Resources */,
				0424B6A71FABFF2E00421869 /* Assets.xcassets in Resources */,
				0424B6A51FABFF2E00421869 /* Main.storyboard in Resources */,
			);
			runOnlyForDeploymentPostprocessing = 0;
		};
/* End PBXResourcesBuildPhase section */

/* Begin PBXSourcesBuildPhase section */
		0424B6981FABFF2E00421869 /* Sources */ = {
			isa = PBXSourcesBuildPhase;
			buildActionMask = 2147483647;
			files = (
				0424B6F21FAC008F00421869 /* Stevia+Center.swift in Sources */,
				0424B6F51FAC008F00421869 /* Stevia+Tap.swift in Sources */,
				0424B6F61FAC008F00421869 /* Stevia+Notifications.swift in Sources */,
				0424B6FD1FAC008F00421869 /* Stevia+Equation.swift in Sources */,
				0424B6EF1FAC008F00421869 /* Stevia+DoubleDash.swift in Sources */,
				0424B6F91FAC008F00421869 /* Stevia+Constraints.swift in Sources */,
				0424B6FA1FAC008F00421869 /* Stevia+Size.swift in Sources */,
				0424B6F31FAC008F00421869 /* Stevia+Fill.swift in Sources */,
				0424B6EE1FAC008F00421869 /* Stevia+Style.swift in Sources */,
				0424B7001FAC008F00421869 /* Stevia+Content.swift in Sources */,
				0424B6F81FAC008F00421869 /* Stevia+Hierarchy.swift in Sources */,
				0424B6F71FAC008F00421869 /* Stevia+FlexibleMargin.swift in Sources */,
				0424B6F01FAC008F00421869 /* Stevia+GetConstraint.swift in Sources */,
				0424B6F11FAC008F00421869 /* Stevia+Operators.swift in Sources */,
				0424B6FE1FAC008F00421869 /* Stevia+Alignment.swift in Sources */,
				0424B6A21FABFF2E00421869 /* ViewController.swift in Sources */,
				0424B6FC1FAC008F00421869 /* Stevia+Percentage.swift in Sources */,
				0424B6A01FABFF2E00421869 /* AppDelegate.swift in Sources */,
				0424B6FB1FAC008F00421869 /* Stevia+Stacks.swift in Sources */,
				0424B6F41FAC008F00421869 /* Stevia+Position.swift in Sources */,
			);
			runOnlyForDeploymentPostprocessing = 0;
		};
/* End PBXSourcesBuildPhase section */

/* Begin PBXVariantGroup section */
		0424B6A31FABFF2E00421869 /* Main.storyboard */ = {
			isa = PBXVariantGroup;
			children = (
				0424B6A41FABFF2E00421869 /* Base */,
			);
			name = Main.storyboard;
			sourceTree = "<group>";
		};
		0424B6A81FABFF2E00421869 /* LaunchScreen.storyboard */ = {
			isa = PBXVariantGroup;
			children = (
				0424B6A91FABFF2E00421869 /* Base */,
			);
			name = LaunchScreen.storyboard;
			sourceTree = "<group>";
		};
/* End PBXVariantGroup section */

/* Begin XCBuildConfiguration section */
		0424B6AC1FABFF2E00421869 /* Debug */ = {
			isa = XCBuildConfiguration;
			buildSettings = {
				ALWAYS_SEARCH_USER_PATHS = NO;
				CLANG_ANALYZER_NONNULL = YES;
				CLANG_ANALYZER_NUMBER_OBJECT_CONVERSION = YES_AGGRESSIVE;
				CLANG_CXX_LANGUAGE_STANDARD = "gnu++14";
				CLANG_CXX_LIBRARY = "libc++";
				CLANG_ENABLE_MODULES = YES;
				CLANG_ENABLE_OBJC_ARC = YES;
				CLANG_WARN_BLOCK_CAPTURE_AUTORELEASING = YES;
				CLANG_WARN_BOOL_CONVERSION = YES;
				CLANG_WARN_COMMA = YES;
				CLANG_WARN_CONSTANT_CONVERSION = YES;
				CLANG_WARN_DIRECT_OBJC_ISA_USAGE = YES_ERROR;
				CLANG_WARN_DOCUMENTATION_COMMENTS = YES;
				CLANG_WARN_EMPTY_BODY = YES;
				CLANG_WARN_ENUM_CONVERSION = YES;
				CLANG_WARN_INFINITE_RECURSION = YES;
				CLANG_WARN_INT_CONVERSION = YES;
				CLANG_WARN_NON_LITERAL_NULL_CONVERSION = YES;
				CLANG_WARN_OBJC_LITERAL_CONVERSION = YES;
				CLANG_WARN_OBJC_ROOT_CLASS = YES_ERROR;
				CLANG_WARN_RANGE_LOOP_ANALYSIS = YES;
				CLANG_WARN_STRICT_PROTOTYPES = YES;
				CLANG_WARN_SUSPICIOUS_MOVE = YES;
				CLANG_WARN_UNGUARDED_AVAILABILITY = YES_AGGRESSIVE;
				CLANG_WARN_UNREACHABLE_CODE = YES;
				CLANG_WARN__DUPLICATE_METHOD_MATCH = YES;
				CODE_SIGN_IDENTITY = "iPhone Developer";
				COPY_PHASE_STRIP = NO;
				DEBUG_INFORMATION_FORMAT = dwarf;
				ENABLE_STRICT_OBJC_MSGSEND = YES;
				ENABLE_TESTABILITY = YES;
				GCC_C_LANGUAGE_STANDARD = gnu11;
				GCC_DYNAMIC_NO_PIC = NO;
				GCC_NO_COMMON_BLOCKS = YES;
				GCC_OPTIMIZATION_LEVEL = 0;
				GCC_PREPROCESSOR_DEFINITIONS = (
					"DEBUG=1",
					"$(inherited)",
				);
				GCC_WARN_64_TO_32_BIT_CONVERSION = YES;
				GCC_WARN_ABOUT_RETURN_TYPE = YES_ERROR;
				GCC_WARN_UNDECLARED_SELECTOR = YES;
				GCC_WARN_UNINITIALIZED_AUTOS = YES_AGGRESSIVE;
				GCC_WARN_UNUSED_FUNCTION = YES;
				GCC_WARN_UNUSED_VARIABLE = YES;
				IPHONEOS_DEPLOYMENT_TARGET = 11.1;
				MTL_ENABLE_DEBUG_INFO = YES;
				ONLY_ACTIVE_ARCH = YES;
				SDKROOT = iphoneos;
				SWIFT_ACTIVE_COMPILATION_CONDITIONS = DEBUG;
				SWIFT_OPTIMIZATION_LEVEL = "-Onone";
			};
			name = Debug;
		};
		0424B6AD1FABFF2E00421869 /* Release */ = {
			isa = XCBuildConfiguration;
			buildSettings = {
				ALWAYS_SEARCH_USER_PATHS = NO;
				CLANG_ANALYZER_NONNULL = YES;
				CLANG_ANALYZER_NUMBER_OBJECT_CONVERSION = YES_AGGRESSIVE;
				CLANG_CXX_LANGUAGE_STANDARD = "gnu++14";
				CLANG_CXX_LIBRARY = "libc++";
				CLANG_ENABLE_MODULES = YES;
				CLANG_ENABLE_OBJC_ARC = YES;
				CLANG_WARN_BLOCK_CAPTURE_AUTORELEASING = YES;
				CLANG_WARN_BOOL_CONVERSION = YES;
				CLANG_WARN_COMMA = YES;
				CLANG_WARN_CONSTANT_CONVERSION = YES;
				CLANG_WARN_DIRECT_OBJC_ISA_USAGE = YES_ERROR;
				CLANG_WARN_DOCUMENTATION_COMMENTS = YES;
				CLANG_WARN_EMPTY_BODY = YES;
				CLANG_WARN_ENUM_CONVERSION = YES;
				CLANG_WARN_INFINITE_RECURSION = YES;
				CLANG_WARN_INT_CONVERSION = YES;
				CLANG_WARN_NON_LITERAL_NULL_CONVERSION = YES;
				CLANG_WARN_OBJC_LITERAL_CONVERSION = YES;
				CLANG_WARN_OBJC_ROOT_CLASS = YES_ERROR;
				CLANG_WARN_RANGE_LOOP_ANALYSIS = YES;
				CLANG_WARN_STRICT_PROTOTYPES = YES;
				CLANG_WARN_SUSPICIOUS_MOVE = YES;
				CLANG_WARN_UNGUARDED_AVAILABILITY = YES_AGGRESSIVE;
				CLANG_WARN_UNREACHABLE_CODE = YES;
				CLANG_WARN__DUPLICATE_METHOD_MATCH = YES;
				CODE_SIGN_IDENTITY = "iPhone Developer";
				COPY_PHASE_STRIP = NO;
				DEBUG_INFORMATION_FORMAT = "dwarf-with-dsym";
				ENABLE_NS_ASSERTIONS = NO;
				ENABLE_STRICT_OBJC_MSGSEND = YES;
				GCC_C_LANGUAGE_STANDARD = gnu11;
				GCC_NO_COMMON_BLOCKS = YES;
				GCC_WARN_64_TO_32_BIT_CONVERSION = YES;
				GCC_WARN_ABOUT_RETURN_TYPE = YES_ERROR;
				GCC_WARN_UNDECLARED_SELECTOR = YES;
				GCC_WARN_UNINITIALIZED_AUTOS = YES_AGGRESSIVE;
				GCC_WARN_UNUSED_FUNCTION = YES;
				GCC_WARN_UNUSED_VARIABLE = YES;
				IPHONEOS_DEPLOYMENT_TARGET = 11.1;
				MTL_ENABLE_DEBUG_INFO = NO;
				SDKROOT = iphoneos;
				SWIFT_OPTIMIZATION_LEVEL = "-Owholemodule";
				VALIDATE_PRODUCT = YES;
			};
			name = Release;
		};
		0424B6AF1FABFF2E00421869 /* Debug */ = {
			isa = XCBuildConfiguration;
			buildSettings = {
				ASSETCATALOG_COMPILER_APPICON_NAME = AppIcon;
				CODE_SIGN_STYLE = Automatic;
				DEVELOPMENT_TEAM = HVV5LMXSM3;
				INFOPLIST_FILE = steviaCodeAnalysis/Info.plist;
				LD_RUNPATH_SEARCH_PATHS = "$(inherited) @executable_path/Frameworks";
				PRODUCT_BUNDLE_IDENTIFIER = XMCK.steviaCodeAnalysis;
				PRODUCT_NAME = "$(TARGET_NAME)";
				SWIFT_VERSION = 4.0;
				TARGETED_DEVICE_FAMILY = "1,2";
			};
			name = Debug;
		};
		0424B6B01FABFF2E00421869 /* Release */ = {
			isa = XCBuildConfiguration;
			buildSettings = {
				ASSETCATALOG_COMPILER_APPICON_NAME = AppIcon;
				CODE_SIGN_STYLE = Automatic;
				DEVELOPMENT_TEAM = HVV5LMXSM3;
				INFOPLIST_FILE = steviaCodeAnalysis/Info.plist;
				LD_RUNPATH_SEARCH_PATHS = "$(inherited) @executable_path/Frameworks";
				PRODUCT_BUNDLE_IDENTIFIER = XMCK.steviaCodeAnalysis;
				PRODUCT_NAME = "$(TARGET_NAME)";
				SWIFT_VERSION = 4.0;
				TARGETED_DEVICE_FAMILY = "1,2";
			};
			name = Release;
		};
/* End XCBuildConfiguration section */

/* Begin XCConfigurationList section */
		0424B6971FABFF2E00421869 /* Build configuration list for PBXProject "steviaCodeAnalysis" */ = {
			isa = XCConfigurationList;
			buildConfigurations = (
				0424B6AC1FABFF2E00421869 /* Debug */,
				0424B6AD1FABFF2E00421869 /* Release */,
			);
			defaultConfigurationIsVisible = 0;
			defaultConfigurationName = Release;
		};
		0424B6AE1FABFF2E00421869 /* Build configuration list for PBXNativeTarget "steviaCodeAnalysis" */ = {
			isa = XCConfigurationList;
			buildConfigurations = (
				0424B6AF1FABFF2E00421869 /* Debug */,
				0424B6B01FABFF2E00421869 /* Release */,
			);
			defaultConfigurationIsVisible = 0;
			defaultConfigurationName = Release;
		};
/* End XCConfigurationList section */
	};
	rootObject = 0424B6941FABFF2E00421869 /* Project object */;
}
